# Generated by buf. DO NOT EDIT.
version: v1
deps:
  - remote: buf.build
    owner: siennathesane
    repository: google
    commit: 443fa930d4b349d7b99ada8d3996fe37
    digest: shake256:0db1cc2cb96fa48487ead49e28ab49ecd55dcc3aad44588f0816496f21c018f30a33a7f65af399a716eef9bdcdb1ead05e30f9108bd2a0bf737ef6eb2905c923
